# This file is automatically @generated by Cargo.
# It is not intended for manual editing.
version = 3

[[package]]
name = "libc"
version = "0.2.149"
source = "registry+https://github.com/rust-lang/crates.io-index"
checksum = "a08173bc88b7955d1b3145aa561539096c421ac8debde8cbc3612ec635fee29b"

[[package]]
name = "libvirt-sample"
version = "0.1.0"
dependencies = [
 "virt",
]

[[package]]
name = "pkg-config"
version = "0.3.27"
source = "registry+https://github.com/rust-lang/crates.io-index"
checksum = "26072860ba924cbfa98ea39c8c19b4dd6a4a25423dbdf219c1eca91aa0cf6964"

[[package]]
name = "virt"
version = "0.3.1"
source = "registry+https://github.com/rust-lang/crates.io-index"
checksum = "8bca379b1d06d60012e5d335bd839b26c2aa84bdbd358e4c02a6e151cf73db81"
dependencies = [
 "libc",
 "virt-sys",
]

[[package]]
name = "virt-sys"
version = "0.2.0"
source = "registry+https://github.com/rust-lang/crates.io-index"
checksum = "cd39f6e0d0ab3fe7c371fac05c9b6ca72e186f06a2e666fb3b95441091eba2db"
dependencies = [
 "libc",
 "pkg-config",
]
